// !$*UTF8*$!
{
	archiveVersion = 1;
	classes = {
	};
	objectVersion = 55;
	objects = {

/* Begin PBXBuildFile section */
		09E314E927A20D4B0071E9B8 /* ACMW_App_Dev_WorkshopApp.swift in Sources */ = {isa = PBXBuildFile; fileRef = 09E314E827A20D4B0071E9B8 /* ACMW_App_Dev_WorkshopApp.swift */; };
		09E314EB27A20D4B0071E9B8 /* ContentView.swift in Sources */ = {isa = PBXBuildFile; fileRef = 09E314EA27A20D4B0071E9B8 /* ContentView.swift */; };
		09E314ED27A20D4C0071E9B8 /* Assets.xcassets in Resources */ = {isa = PBXBuildFile; fileRef = 09E314EC27A20D4C0071E9B8 /* Assets.xcassets */; };
		09E314F027A20D4C0071E9B8 /* Preview Assets.xcassets in Resources */ = {isa = PBXBuildFile; fileRef = 09E314EF27A20D4C0071E9B8 /* Preview Assets.xcassets */; };
		09E314FA27A20D4C0071E9B8 /* ACMW_App_Dev_WorkshopTests.swift in Sources */ = {isa = PBXBuildFile; fileRef = 09E314F927A20D4C0071E9B8 /* ACMW_App_Dev_WorkshopTests.swift */; };
		09E3150427A20D4C0071E9B8 /* ACMW_App_Dev_WorkshopUITests.swift in Sources */ = {isa = PBXBuildFile; fileRef = 09E3150327A20D4C0071E9B8 /* ACMW_App_Dev_WorkshopUITests.swift */; };
		09E3150627A20D4C0071E9B8 /* ACMW_App_Dev_WorkshopUITestsLaunchTests.swift in Sources */ = {isa = PBXBuildFile; fileRef = 09E3150527A20D4C0071E9B8 /* ACMW_App_Dev_WorkshopUITestsLaunchTests.swift */; };
/* End PBXBuildFile section */

/* Begin PBXContainerItemProxy section */
		09E314F627A20D4C0071E9B8 /* PBXContainerItemProxy */ = {
			isa = PBXContainerItemProxy;
			containerPortal = 09E314DD27A20D4B0071E9B8 /* Project object */;
			proxyType = 1;
			remoteGlobalIDString = 09E314E427A20D4B0071E9B8;
			remoteInfo = "ACMW App Dev Workshop";
		};
		09E3150027A20D4C0071E9B8 /* PBXContainerItemProxy */ = {
			isa = PBXContainerItemProxy;
			containerPortal = 09E314DD27A20D4B0071E9B8 /* Project object */;
			proxyType = 1;
			remoteGlobalIDString = 09E314E427A20D4B0071E9B8;
			remoteInfo = "ACMW App Dev Workshop";
		};
/* End PBXContainerItemProxy section */

/* Begin PBXFileReference section */
		09E314E527A20D4B0071E9B8 /* ACMW App Dev Workshop.app */ = {isa = PBXFileReference; explicitFileType = wrapper.application; includeInIndex = 0; path = "ACMW App Dev Workshop.app"; sourceTree = BUILT_PRODUCTS_DIR; };
		09E314E827A20D4B0071E9B8 /* ACMW_App_Dev_WorkshopApp.swift */ = {isa = PBXFileReference; lastKnownFileType = sourcecode.swift; path = ACMW_App_Dev_WorkshopApp.swift; sourceTree = "<group>"; };
		09E314EA27A20D4B0071E9B8 /* ContentView.swift */ = {isa = PBXFileReference; lastKnownFileType = sourcecode.swift; path = ContentView.swift; sourceTree = "<group>"; };
		09E314EC27A20D4C0071E9B8 /* Assets.xcassets */ = {isa = PBXFileReference; lastKnownFileType = folder.assetcatalog; path = Assets.xcassets; sourceTree = "<group>"; };
		09E314EF27A20D4C0071E9B8 /* Preview Assets.xcassets */ = {isa = PBXFileReference; lastKnownFileType = folder.assetcatalog; path = "Preview Assets.xcassets"; sourceTree = "<group>"; };
		09E314F527A20D4C0071E9B8 /* ACMW App Dev WorkshopTests.xctest */ = {isa = PBXFileReference; explicitFileType = wrapper.cfbundle; includeInIndex = 0; path = "ACMW App Dev WorkshopTests.xctest"; sourceTree = BUILT_PRODUCTS_DIR; };
		09E314F927A20D4C0071E9B8 /* ACMW_App_Dev_WorkshopTests.swift */ = {isa = PBXFileReference; lastKnownFileType = sourcecode.swift; path = ACMW_App_Dev_WorkshopTests.swift; sourceTree = "<group>"; };
		09E314FF27A20D4C0071E9B8 /* ACMW App Dev WorkshopUITests.xctest */ = {isa = PBXFileReference; explicitFileType = wrapper.cfbundle; includeInIndex = 0; path = "ACMW App Dev WorkshopUITests.xctest"; sourceTree = BUILT_PRODUCTS_DIR; };
		09E3150327A20D4C0071E9B8 /* ACMW_App_Dev_WorkshopUITests.swift */ = {isa = PBXFileReference; lastKnownFileType = sourcecode.swift; path = ACMW_App_Dev_WorkshopUITests.swift; sourceTree = "<group>"; };
		09E3150527A20D4C0071E9B8 /* ACMW_App_Dev_WorkshopUITestsLaunchTests.swift */ = {isa = PBXFileReference; lastKnownFileType = sourcecode.swift; path = ACMW_App_Dev_WorkshopUITestsLaunchTests.swift; sourceTree = "<group>"; };
/* End PBXFileReference section */

/* Begin PBXFrameworksBuildPhase section */
		09E314E227A20D4B0071E9B8 /* Frameworks */ = {
			isa = PBXFrameworksBuildPhase;
			buildActionMask = 2147483647;
			files = (
			);
			runOnlyForDeploymentPostprocessing = 0;
		};
		09E314F227A20D4C0071E9B8 /* Frameworks */ = {
			isa = PBXFrameworksBuildPhase;
			buildActionMask = 2147483647;
			files = (
			);
			runOnlyForDeploymentPostprocessing = 0;
		};
		09E314FC27A20D4C0071E9B8 /* Frameworks */ = {
			isa = PBXFrameworksBuildPhase;
			buildActionMask = 2147483647;
			files = (
			);
			runOnlyForDeploymentPostprocessing = 0;
		};
/* End PBXFrameworksBuildPhase section */

/* Begin PBXGroup section */
		09E314DC27A20D4B0071E9B8 = {
			isa = PBXGroup;
			children = (
				09E314E727A20D4B0071E9B8 /* ACMW App Dev Workshop */,
				09E314F827A20D4C0071E9B8 /* ACMW App Dev WorkshopTests */,
				09E3150227A20D4C0071E9B8 /* ACMW App Dev WorkshopUITests */,
				09E314E627A20D4B0071E9B8 /* Products */,
			);
			sourceTree = "<group>";
		};
		09E314E627A20D4B0071E9B8 /* Products */ = {
			isa = PBXGroup;
			children = (
				09E314E527A20D4B0071E9B8 /* ACMW App Dev Workshop.app */,
				09E314F527A20D4C0071E9B8 /* ACMW App Dev WorkshopTests.xctest */,
				09E314FF27A20D4C0071E9B8 /* ACMW App Dev WorkshopUITests.xctest */,
			);
			name = Products;
			sourceTree = "<group>";
		};
		09E314E727A20D4B0071E9B8 /* ACMW App Dev Workshop */ = {
			isa = PBXGroup;
			children = (
				09E314E827A20D4B0071E9B8 /* ACMW_App_Dev_WorkshopApp.swift */,
				09E314EA27A20D4B0071E9B8 /* ContentView.swift */,
				09E314EC27A20D4C0071E9B8 /* Assets.xcassets */,
				09E314EE27A20D4C0071E9B8 /* Preview Content */,
			);
			path = "ACMW App Dev Workshop";
			sourceTree = "<group>";
		};
		09E314EE27A20D4C0071E9B8 /* Preview Content */ = {
			isa = PBXGroup;
			children = (
				09E314EF27A20D4C0071E9B8 /* Preview Assets.xcassets */,
			);
			path = "Preview Content";
			sourceTree = "<group>";
		};
		09E314F827A20D4C0071E9B8 /* ACMW App Dev WorkshopTests */ = {
			isa = PBXGroup;
			children = (
				09E314F927A20D4C0071E9B8 /* ACMW_App_Dev_WorkshopTests.swift */,
			);
			path = "ACMW App Dev WorkshopTests";
			sourceTree = "<group>";
		};
		09E3150227A20D4C0071E9B8 /* ACMW App Dev WorkshopUITests */ = {
			isa = PBXGroup;
			children = (
				09E3150327A20D4C0071E9B8 /* ACMW_App_Dev_WorkshopUITests.swift */,
				09E3150527A20D4C0071E9B8 /* ACMW_App_Dev_WorkshopUITestsLaunchTests.swift */,
			);
			path = "ACMW App Dev WorkshopUITests";
			sourceTree = "<group>";
		};
/* End PBXGroup section */

/* Begin PBXNativeTarget section */
		09E314E427A20D4B0071E9B8 /* ACMW App Dev Workshop */ = {
			isa = PBXNativeTarget;
			buildConfigurationList = 09E3150927A20D4C0071E9B8 /* Build configuration list for PBXNativeTarget "ACMW App Dev Workshop" */;
			buildPhases = (
				09E314E127A20D4B0071E9B8 /* Sources */,
				09E314E227A20D4B0071E9B8 /* Frameworks */,
				09E314E327A20D4B0071E9B8 /* Resources */,
			);
			buildRules = (
			);
			dependencies = (
			);
			name = "ACMW App Dev Workshop";
			productName = "ACMW App Dev Workshop";
			productReference = 09E314E527A20D4B0071E9B8 /* ACMW App Dev Workshop.app */;
			productType = "com.apple.product-type.application";
		};
		09E314F427A20D4C0071E9B8 /* ACMW App Dev WorkshopTests */ = {
			isa = PBXNativeTarget;
			buildConfigurationList = 09E3150C27A20D4C0071E9B8 /* Build configuration list for PBXNativeTarget "ACMW App Dev WorkshopTests" */;
			buildPhases = (
				09E314F127A20D4C0071E9B8 /* Sources */,
				09E314F227A20D4C0071E9B8 /* Frameworks */,
				09E314F327A20D4C0071E9B8 /* Resources */,
			);
			buildRules = (
			);
			dependencies = (
				09E314F727A20D4C0071E9B8 /* PBXTargetDependency */,
			);
			name = "ACMW App Dev WorkshopTests";
			productName = "ACMW App Dev WorkshopTests";
			productReference = 09E314F527A20D4C0071E9B8 /* ACMW App Dev WorkshopTests.xctest */;
			productType = "com.apple.product-type.bundle.unit-test";
		};
		09E314FE27A20D4C0071E9B8 /* ACMW App Dev WorkshopUITests */ = {
			isa = PBXNativeTarget;
			buildConfigurationList = 09E3150F27A20D4C0071E9B8 /* Build configuration list for PBXNativeTarget "ACMW App Dev WorkshopUITests" */;
			buildPhases = (
				09E314FB27A20D4C0071E9B8 /* Sources */,
				09E314FC27A20D4C0071E9B8 /* Frameworks */,
				09E314FD27A20D4C0071E9B8 /* Resources */,
			);
			buildRules = (
			);
			dependencies = (
				09E3150127A20D4C0071E9B8 /* PBXTargetDependency */,
			);
			name = "ACMW App Dev WorkshopUITests";
			productName = "ACMW App Dev WorkshopUITests";
			productReference = 09E314FF27A20D4C0071E9B8 /* ACMW App Dev WorkshopUITests.xctest */;
			productType = "com.apple.product-type.bundle.ui-testing";
		};
/* End PBXNativeTarget section */

/* Begin PBXProject section */
		09E314DD27A20D4B0071E9B8 /* Project object */ = {
			isa = PBXProject;
			attributes = {
				BuildIndependentTargetsInParallel = 1;
				LastSwiftUpdateCheck = 1320;
				LastUpgradeCheck = 1320;
				TargetAttributes = {
					09E314E427A20D4B0071E9B8 = {
						CreatedOnToolsVersion = 13.2.1;
					};
					09E314F427A20D4C0071E9B8 = {
						CreatedOnToolsVersion = 13.2.1;
						TestTargetID = 09E314E427A20D4B0071E9B8;
					};
					09E314FE27A20D4C0071E9B8 = {
						CreatedOnToolsVersion = 13.2.1;
						TestTargetID = 09E314E427A20D4B0071E9B8;
					};
				};
			};
			buildConfigurationList = 09E314E027A20D4B0071E9B8 /* Build configuration list for PBXProject "ACMW App Dev Workshop" */;
			compatibilityVersion = "Xcode 13.0";
			developmentRegion = en;
			hasScannedForEncodings = 0;
			knownRegions = (
				en,
				Base,
			);
			mainGroup = 09E314DC27A20D4B0071E9B8;
			productRefGroup = 09E314E627A20D4B0071E9B8 /* Products */;
			projectDirPath = "";
			projectRoot = "";
			targets = (
				09E314E427A20D4B0071E9B8 /* ACMW App Dev Workshop */,
				09E314F427A20D4C0071E9B8 /* ACMW App Dev WorkshopTests */,
				09E314FE27A20D4C0071E9B8 /* ACMW App Dev WorkshopUITests */,
			);
		};
/* End PBXProject section */

/* Begin PBXResourcesBuildPhase section */
		09E314E327A20D4B0071E9B8 /* Resources */ = {
			isa = PBXResourcesBuildPhase;
			buildActionMask = 2147483647;
			files = (
				09E314F027A20D4C0071E9B8 /* Preview Assets.xcassets in Resources */,
				09E314ED27A20D4C0071E9B8 /* Assets.xcassets in Resources */,
			);
			runOnlyForDeploymentPostprocessing = 0;
		};
		09E314F327A20D4C0071E9B8 /* Resources */ = {
			isa = PBXResourcesBuildPhase;
			buildActionMask = 2147483647;
			files = (
			);
			runOnlyForDeploymentPostprocessing = 0;
		};
		09E314FD27A20D4C0071E9B8 /* Resources */ = {
			isa = PBXResourcesBuildPhase;
			buildActionMask = 2147483647;
			files = (
			);
			runOnlyForDeploymentPostprocessing = 0;
		};
/* End PBXResourcesBuildPhase section */

/* Begin PBXSourcesBuildPhase section */
		09E314E127A20D4B0071E9B8 /* Sources */ = {
			isa = PBXSourcesBuildPhase;
			buildActionMask = 2147483647;
			files = (
				09E314EB27A20D4B0071E9B8 /* ContentView.swift in Sources */,
				09E314E927A20D4B0071E9B8 /* ACMW_App_Dev_WorkshopApp.swift in Sources */,
			);
			runOnlyForDeploymentPostprocessing = 0;
		};
		09E314F127A20D4C0071E9B8 /* Sources */ = {
			isa = PBXSourcesBuildPhase;
			buildActionMask = 2147483647;
			files = (
				09E314FA27A20D4C0071E9B8 /* ACMW_App_Dev_WorkshopTests.swift in Sources */,
			);
			runOnlyForDeploymentPostprocessing = 0;
		};
		09E314FB27A20D4C0071E9B8 /* Sources */ = {
			isa = PBXSourcesBuildPhase;
			buildActionMask = 2147483647;
			files = (
				09E3150427A20D4C0071E9B8 /* ACMW_App_Dev_WorkshopUITests.swift in Sources */,
				09E3150627A20D4C0071E9B8 /* ACMW_App_Dev_WorkshopUITestsLaunchTests.swift in Sources */,
			);
			runOnlyForDeploymentPostprocessing = 0;
		};
/* End PBXSourcesBuildPhase section */

/* Begin PBXTargetDependency section */
		09E314F727A20D4C0071E9B8 /* PBXTargetDependency */ = {
			isa = PBXTargetDependency;
			target = 09E314E427A20D4B0071E9B8 /* ACMW App Dev Workshop */;
			targetProxy = 09E314F627A20D4C0071E9B8 /* PBXContainerItemProxy */;
		};
		09E3150127A20D4C0071E9B8 /* PBXTargetDependency */ = {
			isa = PBXTargetDependency;
			target = 09E314E427A20D4B0071E9B8 /* ACMW App Dev Workshop */;
			targetProxy = 09E3150027A20D4C0071E9B8 /* PBXContainerItemProxy */;
		};
/* End PBXTargetDependency section */

/* Begin XCBuildConfiguration section */
		09E3150727A20D4C0071E9B8 /* Debug */ = {
			isa = XCBuildConfiguration;
			buildSettings = {
				ALWAYS_SEARCH_USER_PATHS = NO;
				CLANG_ANALYZER_NONNULL = YES;
				CLANG_ANALYZER_NUMBER_OBJECT_CONVERSION = YES_AGGRESSIVE;
				CLANG_CXX_LANGUAGE_STANDARD = "gnu++17";
				CLANG_CXX_LIBRARY = "libc++";
				CLANG_ENABLE_MODULES = YES;
				CLANG_ENABLE_OBJC_ARC = YES;
				CLANG_ENABLE_OBJC_WEAK = YES;
				CLANG_WARN_BLOCK_CAPTURE_AUTORELEASING = YES;
				CLANG_WARN_BOOL_CONVERSION = YES;
				CLANG_WARN_COMMA = YES;
				CLANG_WARN_CONSTANT_CONVERSION = YES;
				CLANG_WARN_DEPRECATED_OBJC_IMPLEMENTATIONS = YES;
				CLANG_WARN_DIRECT_OBJC_ISA_USAGE = YES_ERROR;
				CLANG_WARN_DOCUMENTATION_COMMENTS = YES;
				CLANG_WARN_EMPTY_BODY = YES;
				CLANG_WARN_ENUM_CONVERSION = YES;
				CLANG_WARN_INFINITE_RECURSION = YES;
				CLANG_WARN_INT_CONVERSION = YES;
				CLANG_WARN_NON_LITERAL_NULL_CONVERSION = YES;
				CLANG_WARN_OBJC_IMPLICIT_RETAIN_SELF = YES;
				CLANG_WARN_OBJC_LITERAL_CONVERSION = YES;
				CLANG_WARN_OBJC_ROOT_CLASS = YES_ERROR;
				CLANG_WARN_QUOTED_INCLUDE_IN_FRAMEWORK_HEADER = YES;
				CLANG_WARN_RANGE_LOOP_ANALYSIS = YES;
				CLANG_WARN_STRICT_PROTOTYPES = YES;
				CLANG_WARN_SUSPICIOUS_MOVE = YES;
				CLANG_WARN_UNGUARDED_AVAILABILITY = YES_AGGRESSIVE;
				CLANG_WARN_UNREACHABLE_CODE = YES;
				CLANG_WARN__DUPLICATE_METHOD_MATCH = YES;
				COPY_PHASE_STRIP = NO;
				DEBUG_INFORMATION_FORMAT = dwarf;
				ENABLE_STRICT_OBJC_MSGSEND = YES;
				ENABLE_TESTABILITY = YES;
				GCC_C_LANGUAGE_STANDARD = gnu11;
				GCC_DYNAMIC_NO_PIC = NO;
				GCC_NO_COMMON_BLOCKS = YES;
				GCC_OPTIMIZATION_LEVEL = 0;
				GCC_PREPROCESSOR_DEFINITIONS = (
					"DEBUG=1",
					"$(inherited)",
				);
				GCC_WARN_64_TO_32_BIT_CONVERSION = YES;
				GCC_WARN_ABOUT_RETURN_TYPE = YES_ERROR;
				GCC_WARN_UNDECLARED_SELECTOR = YES;
				GCC_WARN_UNINITIALIZED_AUTOS = YES_AGGRESSIVE;
				GCC_WARN_UNUSED_FUNCTION = YES;
				GCC_WARN_UNUSED_VARIABLE = YES;
				IPHONEOS_DEPLOYMENT_TARGET = 15.2;
				MTL_ENABLE_DEBUG_INFO = INCLUDE_SOURCE;
				MTL_FAST_MATH = YES;
				ONLY_ACTIVE_ARCH = YES;
				SDKROOT = iphoneos;
				SWIFT_ACTIVE_COMPILATION_CONDITIONS = DEBUG;
				SWIFT_OPTIMIZATION_LEVEL = "-Onone";
			};
			name = Debug;
		};
		09E3150827A20D4C0071E9B8 /* Release */ = {
			isa = XCBuildConfiguration;
			buildSettings = {
				ALWAYS_SEARCH_USER_PATHS = NO;
				CLANG_ANALYZER_NONNULL = YES;
				CLANG_ANALYZER_NUMBER_OBJECT_CONVERSION = YES_AGGRESSIVE;
				CLANG_CXX_LANGUAGE_STANDARD = "gnu++17";
				CLANG_CXX_LIBRARY = "libc++";
				CLANG_ENABLE_MODULES = YES;
				CLANG_ENABLE_OBJC_ARC = YES;
				CLANG_ENABLE_OBJC_WEAK = YES;
				CLANG_WARN_BLOCK_CAPTURE_AUTORELEASING = YES;
				CLANG_WARN_BOOL_CONVERSION = YES;
				CLANG_WARN_COMMA = YES;
				CLANG_WARN_CONSTANT_CONVERSION = YES;
				CLANG_WARN_DEPRECATED_OBJC_IMPLEMENTATIONS = YES;
				CLANG_WARN_DIRECT_OBJC_ISA_USAGE = YES_ERROR;
				CLANG_WARN_DOCUMENTATION_COMMENTS = YES;
				CLANG_WARN_EMPTY_BODY = YES;
				CLANG_WARN_ENUM_CONVERSION = YES;
				CLANG_WARN_INFINITE_RECURSION = YES;
				CLANG_WARN_INT_CONVERSION = YES;
				CLANG_WARN_NON_LITERAL_NULL_CONVERSION = YES;
				CLANG_WARN_OBJC_IMPLICIT_RETAIN_SELF = YES;
				CLANG_WARN_OBJC_LITERAL_CONVERSION = YES;
				CLANG_WARN_OBJC_ROOT_CLASS = YES_ERROR;
				CLANG_WARN_QUOTED_INCLUDE_IN_FRAMEWORK_HEADER = YES;
				CLANG_WARN_RANGE_LOOP_ANALYSIS = YES;
				CLANG_WARN_STRICT_PROTOTYPES = YES;
				CLANG_WARN_SUSPICIOUS_MOVE = YES;
				CLANG_WARN_UNGUARDED_AVAILABILITY = YES_AGGRESSIVE;
				CLANG_WARN_UNREACHABLE_CODE = YES;
				CLANG_WARN__DUPLICATE_METHOD_MATCH = YES;
				COPY_PHASE_STRIP = NO;
				DEBUG_INFORMATION_FORMAT = "dwarf-with-dsym";
				ENABLE_NS_ASSERTIONS = NO;
				ENABLE_STRICT_OBJC_MSGSEND = YES;
				GCC_C_LANGUAGE_STANDARD = gnu11;
				GCC_NO_COMMON_BLOCKS = YES;
				GCC_WARN_64_TO_32_BIT_CONVERSION = YES;
				GCC_WARN_ABOUT_RETURN_TYPE = YES_ERROR;
				GCC_WARN_UNDECLARED_SELECTOR = YES;
				GCC_WARN_UNINITIALIZED_AUTOS = YES_AGGRESSIVE;
				GCC_WARN_UNUSED_FUNCTION = YES;
				GCC_WARN_UNUSED_VARIABLE = YES;
				IPHONEOS_DEPLOYMENT_TARGET = 15.2;
				MTL_ENABLE_DEBUG_INFO = NO;
				MTL_FAST_MATH = YES;
				SDKROOT = iphoneos;
				SWIFT_COMPILATION_MODE = wholemodule;
				SWIFT_OPTIMIZATION_LEVEL = "-O";
				VALIDATE_PRODUCT = YES;
			};
			name = Release;
		};
		09E3150A27A20D4C0071E9B8 /* Debug */ = {
			isa = XCBuildConfiguration;
			buildSettings = {
				ASSETCATALOG_COMPILER_APPICON_NAME = AppIcon;
				ASSETCATALOG_COMPILER_GLOBAL_ACCENT_COLOR_NAME = AccentColor;
				CODE_SIGN_STYLE = Automatic;
				CURRENT_PROJECT_VERSION = 1;
				DEVELOPMENT_ASSET_PATHS = "\"ACMW App Dev Workshop/Preview Content\"";
				DEVELOPMENT_TEAM = 68NHY4JG52;
				ENABLE_PREVIEWS = YES;
				GENERATE_INFOPLIST_FILE = YES;
				INFOPLIST_KEY_UIApplicationSceneManifest_Generation = YES;
				INFOPLIST_KEY_UIApplicationSupportsIndirectInputEvents = YES;
				INFOPLIST_KEY_UILaunchScreen_Generation = YES;
				INFOPLIST_KEY_UISupportedInterfaceOrientations_iPad = "UIInterfaceOrientationPortrait UIInterfaceOrientationPortraitUpsideDown UIInterfaceOrientationLandscapeLeft UIInterfaceOrientationLandscapeRight";
				INFOPLIST_KEY_UISupportedInterfaceOrientations_iPhone = "UIInterfaceOrientationPortrait UIInterfaceOrientationLandscapeLeft UIInterfaceOrientationLandscapeRight";
				LD_RUNPATH_SEARCH_PATHS = (
					"$(inherited)",
					"@executable_path/Frameworks",
				);
				MARKETING_VERSION = 1.0;
				PRODUCT_BUNDLE_IDENTIFIER = "com.Maddie.ACMW-App-Dev-Workshop";
				PRODUCT_NAME = "$(TARGET_NAME)";
				SWIFT_EMIT_LOC_STRINGS = YES;
				SWIFT_VERSION = 5.0;
				TARGETED_DEVICE_FAMILY = "1,2";
			};
			name = Debug;
		};
		09E3150B27A20D4C0071E9B8 /* Release */ = {
			isa = XCBuildConfiguration;
			buildSettings = {
				ASSETCATALOG_COMPILER_APPICON_NAME = AppIcon;
				ASSETCATALOG_COMPILER_GLOBAL_ACCENT_COLOR_NAME = AccentColor;
				CODE_SIGN_STYLE = Automatic;
				CURRENT_PROJECT_VERSION = 1;
				DEVELOPMENT_ASSET_PATHS = "\"ACMW App Dev Workshop/Preview Content\"";
				DEVELOPMENT_TEAM = 68NHY4JG52;
				ENABLE_PREVIEWS = YES;
				GENERATE_INFOPLIST_FILE = YES;
				INFOPLIST_KEY_UIApplicationSceneManifest_Generation = YES;
				INFOPLIST_KEY_UIApplicationSupportsIndirectInputEvents = YES;
				INFOPLIST_KEY_UILaunchScreen_Generation = YES;
				INFOPLIST_KEY_UISupportedInterfaceOrientations_iPad = "UIInterfaceOrientationPortrait UIInterfaceOrientationPortraitUpsideDown UIInterfaceOrientationLandscapeLeft UIInterfaceOrientationLandscapeRight";
				INFOPLIST_KEY_UISupportedInterfaceOrientations_iPhone = "UIInterfaceOrientationPortrait UIInterfaceOrientationLandscapeLeft UIInterfaceOrientationLandscapeRight";
				LD_RUNPATH_SEARCH_PATHS = (
					"$(inherited)",
					"@executable_path/Frameworks",
				);
				MARKETING_VERSION = 1.0;
				PRODUCT_BUNDLE_IDENTIFIER = "com.Maddie.ACMW-App-Dev-Workshop";
				PRODUCT_NAME = "$(TARGET_NAME)";
				SWIFT_EMIT_LOC_STRINGS = YES;
				SWIFT_VERSION = 5.0;
				TARGETED_DEVICE_FAMILY = "1,2";
			};
			name = Release;
		};
		09E3150D27A20D4C0071E9B8 /* Debug */ = {
			isa = XCBuildConfiguration;
			buildSettings = {
				ALWAYS_EMBED_SWIFT_STANDARD_LIBRARIES = YES;
				BUNDLE_LOADER = "$(TEST_HOST)";
				CODE_SIGN_STYLE = Automatic;
				CURRENT_PROJECT_VERSION = 1;
				DEVELOPMENT_TEAM = 68NHY4JG52;
				GENERATE_INFOPLIST_FILE = YES;
				IPHONEOS_DEPLOYMENT_TARGET = 15.2;
				MARKETING_VERSION = 1.0;
				PRODUCT_BUNDLE_IDENTIFIER = "com.Maddie.ACMW-App-Dev-WorkshopTests";
				PRODUCT_NAME = "$(TARGET_NAME)";
				SWIFT_EMIT_LOC_STRINGS = NO;
				SWIFT_VERSION = 5.0;
				TARGETED_DEVICE_FAMILY = "1,2";
				TEST_HOST = "$(BUILT_PRODUCTS_DIR)/ACMW App Dev Workshop.app/ACMW App Dev Workshop";
			};
			name = Debug;
		};
		09E3150E27A20D4C0071E9B8 /* Release */ = {
			isa = XCBuildConfiguration;
			buildSettings = {
				ALWAYS_EMBED_SWIFT_STANDARD_LIBRARIES = YES;
				BUNDLE_LOADER = "$(TEST_HOST)";
				CODE_SIGN_STYLE = Automatic;
				CURRENT_PROJECT_VERSION = 1;
				DEVELOPMENT_TEAM = 68NHY4JG52;
				GENERATE_INFOPLIST_FILE = YES;
				IPHONEOS_DEPLOYMENT_TARGET = 15.2;
				MARKETING_VERSION = 1.0;
				PRODUCT_BUNDLE_IDENTIFIER = "com.Maddie.ACMW-App-Dev-WorkshopTests";
				PRODUCT_NAME = "$(TARGET_NAME)";
				SWIFT_EMIT_LOC_STRINGS = NO;
				SWIFT_VERSION = 5.0;
				TARGETED_DEVICE_FAMILY = "1,2";
				TEST_HOST = "$(BUILT_PRODUCTS_DIR)/ACMW App Dev Workshop.app/ACMW App Dev Workshop";
			};
			name = Release;
		};
		09E3151027A20D4C0071E9B8 /* Debug */ = {
			isa = XCBuildConfiguration;
			buildSettings = {
				ALWAYS_EMBED_SWIFT_STANDARD_LIBRARIES = YES;
				CODE_SIGN_STYLE = Automatic;
				CURRENT_PROJECT_VERSION = 1;
				DEVELOPMENT_TEAM = 68NHY4JG52;
				GENERATE_INFOPLIST_FILE = YES;
				MARKETING_VERSION = 1.0;
				PRODUCT_BUNDLE_IDENTIFIER = "com.Maddie.ACMW-App-Dev-WorkshopUITests";
				PRODUCT_NAME = "$(TARGET_NAME)";
				SWIFT_EMIT_LOC_STRINGS = NO;
				SWIFT_VERSION = 5.0;
				TARGETED_DEVICE_FAMILY = "1,2";
				TEST_TARGET_NAME = "ACMW App Dev Workshop";
			};
			name = Debug;
		};
		09E3151127A20D4C0071E9B8 /* Release */ = {
			isa = XCBuildConfiguration;
			buildSettings = {
				ALWAYS_EMBED_SWIFT_STANDARD_LIBRARIES = YES;
				CODE_SIGN_STYLE = Automatic;
				CURRENT_PROJECT_VERSION = 1;
				DEVELOPMENT_TEAM = 68NHY4JG52;
				GENERATE_INFOPLIST_FILE = YES;
				MARKETING_VERSION = 1.0;
				PRODUCT_BUNDLE_IDENTIFIER = "com.Maddie.ACMW-App-Dev-WorkshopUITests";
				PRODUCT_NAME = "$(TARGET_NAME)";
				SWIFT_EMIT_LOC_STRINGS = NO;
				SWIFT_VERSION = 5.0;
				TARGETED_DEVICE_FAMILY = "1,2";
				TEST_TARGET_NAME = "ACMW App Dev Workshop";
			};
			name = Release;
		};
/* End XCBuildConfiguration section */

/* Begin XCConfigurationList section */
		09E314E027A20D4B0071E9B8 /* Build configuration list for PBXProject "ACMW App Dev Workshop" */ = {
			isa = XCConfigurationList;
			buildConfigurations = (
				09E3150727A20D4C0071E9B8 /* Debug */,
				09E3150827A20D4C0071E9B8 /* Release */,
			);
			defaultConfigurationIsVisible = 0;
			defaultConfigurationName = Release;
		};
		09E3150927A20D4C0071E9B8 /* Build configuration list for PBXNativeTarget "ACMW App Dev Workshop" */ = {
			isa = XCConfigurationList;
			buildConfigurations = (
				09E3150A27A20D4C0071E9B8 /* Debug */,
				09E3150B27A20D4C0071E9B8 /* Release */,
			);
			defaultConfigurationIsVisible = 0;
			defaultConfigurationName = Release;
		};
		09E3150C27A20D4C0071E9B8 /* Build configuration list for PBXNativeTarget "ACMW App Dev WorkshopTests" */ = {
			isa = XCConfigurationList;
			buildConfigurations = (
				09E3150D27A20D4C0071E9B8 /* Debug */,
				09E3150E27A20D4C0071E9B8 /* Release */,
			);
			defaultConfigurationIsVisible = 0;
			defaultConfigurationName = Release;
		};
		09E3150F27A20D4C0071E9B8 /* Build configuration list for PBXNativeTarget "ACMW App Dev WorkshopUITests" */ = {
			isa = XCConfigurationList;
			buildConfigurations = (
				09E3151027A20D4C0071E9B8 /* Debug */,
				09E3151127A20D4C0071E9B8 /* Release */,
			);
			defaultConfigurationIsVisible = 0;
			defaultConfigurationName = Release;
		};
/* End XCConfigurationList section */
	};
	rootObject = 09E314DD27A20D4B0071E9B8 /* Project object */;
}
